
Microsoft Visual Studio Solution File, Format Version 12.00
# Visual Studio 15
VisualStudioVersion = 15.0.28010.2046
MinimumVisualStudioVersion = 10.0.40219.1
Project("{8BC9CEB8-8B4A-11D0-8D11-00A0C91BC942}") = "中点画圆", "paintline.vcxproj", "{15C4E032-6C67-3A99-8F3B-22B6D2DABA47}"
EndProject
Global
	GlobalSection(SolutionConfigurationPlatforms) = preSolution
		Debug|x64 = Debug|x64
		Release|x64 = Release|x64
	EndGlobalSection
	GlobalSection(ProjectConfigurationPlatforms) = postSolution
		{15C4E032-6C67-3A99-8F3B-22B6D2DABA47}.Debug|x64.ActiveCfg = Debug|x64
		{15C4E032-6C67-3A99-8F3B-22B6D2DABA47}.Debug|x64.Build.0 = Debug|x64
		{15C4E032-6C67-3A99-8F3B-22B6D2DABA47}.Release|x64.ActiveCfg = Release|x64
		{15C4E032-6C67-3A99-8F3B-22B6D2DABA47}.Release|x64.Build.0 = Release|x64
	EndGlobalSection
	GlobalSection(SolutionProperties) = preSolution
		HideSolutionNode = FALSE
	EndGlobalSection
	GlobalSection(ExtensibilityGlobals) = postSolution
		SolutionGuid = {C9E66586-239C-4497-A20C-F0D6C842C8F0}
	EndGlobalSection
EndGlobal
